
Microsoft Visual Studio Solution File, Format Version 10.00
# Visual Studio 2008
Project("{FAE04EC0-301F-11D3-BF4B-00C04F79EFBC}") = "Recorder", "Recorder\Recorder.csproj", "{59184457-70CC-4A07-B98E-79531618C2F9}"
EndProject
Global
	GlobalSection(SolutionConfigurationPlatforms) = preSolution
		Debug|iPhoneSimulator = Debug|iPhoneSimulator
		Release|iPhoneSimulator = Release|iPhoneSimulator
		Debug|iPhone = Debug|iPhone
		Release|iPhone = Release|iPhone
	EndGlobalSection
	GlobalSection(ProjectConfigurationPlatforms) = postSolution
		{59184457-70CC-4A07-B98E-79531618C2F9}.Debug|iPhone.ActiveCfg = Debug|iPhone
		{59184457-70CC-4A07-B98E-79531618C2F9}.Debug|iPhone.Build.0 = Debug|iPhone
		{59184457-70CC-4A07-B98E-79531618C2F9}.Debug|iPhoneSimulator.ActiveCfg = Debug|iPhoneSimulator
		{59184457-70CC-4A07-B98E-79531618C2F9}.Debug|iPhoneSimulator.Build.0 = Debug|iPhoneSimulator
		{59184457-70CC-4A07-B98E-79531618C2F9}.Release|iPhone.ActiveCfg = Release|iPhone
		{59184457-70CC-4A07-B98E-79531618C2F9}.Release|iPhone.Build.0 = Release|iPhone
		{59184457-70CC-4A07-B98E-79531618C2F9}.Release|iPhoneSimulator.ActiveCfg = Release|iPhoneSimulator
		{59184457-70CC-4A07-B98E-79531618C2F9}.Release|iPhoneSimulator.Build.0 = Release|iPhoneSimulator
	EndGlobalSection
	GlobalSection(MonoDevelopProperties) = preSolution
		StartupItem = Recorder\Recorder.csproj
	EndGlobalSection
EndGlobal
